{
    "_readme": [
        "This file locks the dependencies of your project to a known state",
        "Read more about it at https://getcomposer.org/doc/01-basic-usage.md#installing-dependencies",
        "This file is @generated automatically"
    ],
    "content-hash": "d8c6608d4ed56c21683d9f37c568ec79",
    "packages": [
        {
            "name": "deployer/deployer",
            "version": "v7.3.1",
            "source": {
                "type": "git",
                "url": "https://github.com/deployphp/deployer.git",
                "reference": "c5c5e79d4e57445918ed24a9cdd3d85b0f261de3"
            },
            "dist": {
                "type": "zip",
                "url": "https://api.github.com/repos/deployphp/deployer/zipball/c5c5e79d4e57445918ed24a9cdd3d85b0f261de3",
                "reference": "c5c5e79d4e57445918ed24a9cdd3d85b0f261de3",
                "shasum": ""
            },
            "bin": [
                "dep"
            ],
            "type": "library",
            "notification-url": "https://packagist.org/downloads/",
            "license": [
                "MIT"
            ],
            "authors": [
                {
                    "name": "Anton Medvedev",
                    "email": "anton@medv.io"
                }
            ],
            "description": "Deployment Tool",
            "homepage": "https://deployer.org",
            "support": {
                "docs": "https://deployer.org/docs",
                "issues": "https://github.com/deployphp/deployer/issues",
                "source": "https://github.com/deployphp/deployer"
            },
            "funding": [
                {
                    "url": "https://github.com/sponsors/antonmedv",
                    "type": "github"
                }
            ],
            "time": "2023-04-05T09:24:30+00:00"
        },
        {
            "name": "studio24/deployer-recipes",
            "version": "dev-update-to-deployer-7",
            "source": {
                "type": "git",
                "url": "https://github.com/studio24/deployer-recipes.git",
                "reference": "9ab0233bc96996bbe64bfc3deb081a6c7aaa721c"
            },
            "dist": {
                "type": "zip",
                "url": "https://api.github.com/repos/studio24/deployer-recipes/zipball/9ab0233bc96996bbe64bfc3deb081a6c7aaa721c",
                "reference": "9ab0233bc96996bbe64bfc3deb081a6c7aaa721c",
                "shasum": ""
            },
            "require": {
                "deployer/deployer": "^7.3",
                "php": ">=8.0"
            },
            "require-dev": {
                "overtrue/phplint": "^2.3",
                "squizlabs/php_codesniffer": "^3.7"
            },
            "type": "library",
            "notification-url": "https://packagist.org/downloads/",
            "license": [
                "MIT"
            ],
            "authors": [
                {
                    "name": "Alan Isaacson",
                    "email": "alan@studio24.net"
                },
                {
                    "name": "Simon R Jones",
                    "email": "simon@studio24.net"
                }
            ],
            "description": "Deployer recipes to aid deployment",
            "homepage": "https://github.com/studio24/deployer-recipes",
            "support": {
                "issues": "https://github.com/studio24/deployer-recipes/issues",
                "source": "https://github.com/studio24/deployer-recipes/tree/update-to-deployer-7"
            },
            "time": "2023-04-03T08:36:06+00:00"
        }
    ],
    "packages-dev": [],
    "aliases": [],
    "minimum-stability": "stable",
    "stability-flags": {
        "studio24/deployer-recipes": 20
    },
    "prefer-stable": false,
    "prefer-lowest": false,
    "platform": [],
    "platform-dev": [],
    "plugin-api-version": "2.3.0"
}
